
Microsoft Visual Studio Solution File, Format Version 12.00
# Visual Studio Version 17
VisualStudioVersion = 17.2.32526.322
MinimumVisualStudioVersion = 10.0.40219.1
Project("{FAE04EC0-301F-11D3-BF4B-00C04F79EFBC}") = "Lab2", "Lab2\Lab2.csproj", "{1B4031D2-9AEC-43FF-8898-A0F583C17FCE}"
EndProject
Global
	GlobalSection(SolutionConfigurationPlatforms) = preSolution
		Debug|Any CPU = Debug|Any CPU
		Release|Any CPU = Release|Any CPU
	EndGlobalSection
	GlobalSection(ProjectConfigurationPlatforms) = postSolution
		{1B4031D2-9AEC-43FF-8898-A0F583C17FCE}.Debug|Any CPU.ActiveCfg = Debug|Any CPU
		{1B4031D2-9AEC-43FF-8898-A0F583C17FCE}.Debug|Any CPU.Build.0 = Debug|Any CPU
		{1B4031D2-9AEC-43FF-8898-A0F583C17FCE}.Release|Any CPU.ActiveCfg = Release|Any CPU
		{1B4031D2-9AEC-43FF-8898-A0F583C17FCE}.Release|Any CPU.Build.0 = Release|Any CPU
	EndGlobalSection
	GlobalSection(SolutionProperties) = preSolution
		HideSolutionNode = FALSE
	EndGlobalSection
	GlobalSection(ExtensibilityGlobals) = postSolution
		SolutionGuid = {0263F8F6-9E5B-4B1D-83BA-7D6CE0A23B7D}
	EndGlobalSection
EndGlobal
